
Microsoft Visual Studio Solution File, Format Version 12.00
# Visual Studio Version 17
VisualStudioVersion = 17.4.33103.184
MinimumVisualStudioVersion = 10.0.40219.1
Project("{2150E333-8FDC-42A3-9474-1A3956D46DE8}") = "Libs", "Libs", "{DADDBB42-C875-4132-8A7E-9A0CB9F2B2F8}"
EndProject
Project("{FAE04EC0-301F-11D3-BF4B-00C04F79EFBC}") = "ConsoleCoreCore", "ConsoleCoreCore\ConsoleCoreCore.csproj", "{F4DB2E81-8DCB-45C8-88E5-4B5A156072A7}"
EndProject
Project("{FAE04EC0-301F-11D3-BF4B-00C04F79EFBC}") = "ConsoleCoreStandard", "ConsoleCoreStandard\ConsoleCoreStandard.csproj", "{9EA3E1B4-8CFD-488F-9558-358965909637}"
EndProject
Project("{9A19103F-16F7-4668-BE54-9A1E7A4F7556}") = "LibCore", "Libs\LibCore\LibCore.csproj", "{D188C059-5AE9-4EBE-9211-F4CA6DBD5AD0}"
EndProject
Project("{9A19103F-16F7-4668-BE54-9A1E7A4F7556}") = "LibStandard", "Libs\LibStandard\LibStandard.csproj", "{3B4B1AA1-8ABB-4B9B-B6EC-0A8E7D1CEF34}"
EndProject
Project("{FAE04EC0-301F-11D3-BF4B-00C04F79EFBC}") = "ConsoleFrameworkStandard", "ConsoleFrameworkStandard\ConsoleFrameworkStandard.csproj", "{B7D369B2-0B9A-41E9-9BAD-E2A1137CDF58}"
EndProject
Global
	GlobalSection(SolutionConfigurationPlatforms) = preSolution
		Debug|Any CPU = Debug|Any CPU
		Debug|x86 = Debug|x86
		Release|Any CPU = Release|Any CPU
		Release|x86 = Release|x86
	EndGlobalSection
	GlobalSection(ProjectConfigurationPlatforms) = postSolution
		{F4DB2E81-8DCB-45C8-88E5-4B5A156072A7}.Debug|Any CPU.ActiveCfg = Debug|Any CPU
		{F4DB2E81-8DCB-45C8-88E5-4B5A156072A7}.Debug|Any CPU.Build.0 = Debug|Any CPU
		{F4DB2E81-8DCB-45C8-88E5-4B5A156072A7}.Debug|x86.ActiveCfg = Debug|Any CPU
		{F4DB2E81-8DCB-45C8-88E5-4B5A156072A7}.Debug|x86.Build.0 = Debug|Any CPU
		{F4DB2E81-8DCB-45C8-88E5-4B5A156072A7}.Release|Any CPU.ActiveCfg = Release|Any CPU
		{F4DB2E81-8DCB-45C8-88E5-4B5A156072A7}.Release|Any CPU.Build.0 = Release|Any CPU
		{F4DB2E81-8DCB-45C8-88E5-4B5A156072A7}.Release|x86.ActiveCfg = Release|Any CPU
		{F4DB2E81-8DCB-45C8-88E5-4B5A156072A7}.Release|x86.Build.0 = Release|Any CPU
		{9EA3E1B4-8CFD-488F-9558-358965909637}.Debug|Any CPU.ActiveCfg = Debug|Any CPU
		{9EA3E1B4-8CFD-488F-9558-358965909637}.Debug|Any CPU.Build.0 = Debug|Any CPU
		{9EA3E1B4-8CFD-488F-9558-358965909637}.Debug|x86.ActiveCfg = Debug|Any CPU
		{9EA3E1B4-8CFD-488F-9558-358965909637}.Debug|x86.Build.0 = Debug|Any CPU
		{9EA3E1B4-8CFD-488F-9558-358965909637}.Release|Any CPU.ActiveCfg = Release|Any CPU
		{9EA3E1B4-8CFD-488F-9558-358965909637}.Release|Any CPU.Build.0 = Release|Any CPU
		{9EA3E1B4-8CFD-488F-9558-358965909637}.Release|x86.ActiveCfg = Release|Any CPU
		{9EA3E1B4-8CFD-488F-9558-358965909637}.Release|x86.Build.0 = Release|Any CPU
		{D188C059-5AE9-4EBE-9211-F4CA6DBD5AD0}.Debug|Any CPU.ActiveCfg = Debug|Any CPU
		{D188C059-5AE9-4EBE-9211-F4CA6DBD5AD0}.Debug|Any CPU.Build.0 = Debug|Any CPU
		{D188C059-5AE9-4EBE-9211-F4CA6DBD5AD0}.Debug|x86.ActiveCfg = Debug|Any CPU
		{D188C059-5AE9-4EBE-9211-F4CA6DBD5AD0}.Debug|x86.Build.0 = Debug|Any CPU
		{D188C059-5AE9-4EBE-9211-F4CA6DBD5AD0}.Release|Any CPU.ActiveCfg = Release|Any CPU
		{D188C059-5AE9-4EBE-9211-F4CA6DBD5AD0}.Release|Any CPU.Build.0 = Release|Any CPU
		{D188C059-5AE9-4EBE-9211-F4CA6DBD5AD0}.Release|x86.ActiveCfg = Release|Any CPU
		{D188C059-5AE9-4EBE-9211-F4CA6DBD5AD0}.Release|x86.Build.0 = Release|Any CPU
		{3B4B1AA1-8ABB-4B9B-B6EC-0A8E7D1CEF34}.Debug|Any CPU.ActiveCfg = Debug|Any CPU
		{3B4B1AA1-8ABB-4B9B-B6EC-0A8E7D1CEF34}.Debug|Any CPU.Build.0 = Debug|Any CPU
		{3B4B1AA1-8ABB-4B9B-B6EC-0A8E7D1CEF34}.Debug|x86.ActiveCfg = Debug|Any CPU
		{3B4B1AA1-8ABB-4B9B-B6EC-0A8E7D1CEF34}.Debug|x86.Build.0 = Debug|Any CPU
		{3B4B1AA1-8ABB-4B9B-B6EC-0A8E7D1CEF34}.Release|Any CPU.ActiveCfg = Release|Any CPU
		{3B4B1AA1-8ABB-4B9B-B6EC-0A8E7D1CEF34}.Release|Any CPU.Build.0 = Release|Any CPU
		{3B4B1AA1-8ABB-4B9B-B6EC-0A8E7D1CEF34}.Release|x86.ActiveCfg = Release|Any CPU
		{3B4B1AA1-8ABB-4B9B-B6EC-0A8E7D1CEF34}.Release|x86.Build.0 = Release|Any CPU
		{B7D369B2-0B9A-41E9-9BAD-E2A1137CDF58}.Debug|Any CPU.ActiveCfg = Debug|Any CPU
		{B7D369B2-0B9A-41E9-9BAD-E2A1137CDF58}.Debug|Any CPU.Build.0 = Debug|Any CPU
		{B7D369B2-0B9A-41E9-9BAD-E2A1137CDF58}.Debug|x86.ActiveCfg = Debug|Any CPU
		{B7D369B2-0B9A-41E9-9BAD-E2A1137CDF58}.Debug|x86.Build.0 = Debug|Any CPU
		{B7D369B2-0B9A-41E9-9BAD-E2A1137CDF58}.Release|Any CPU.ActiveCfg = Release|Any CPU
		{B7D369B2-0B9A-41E9-9BAD-E2A1137CDF58}.Release|Any CPU.Build.0 = Release|Any CPU
		{B7D369B2-0B9A-41E9-9BAD-E2A1137CDF58}.Release|x86.ActiveCfg = Release|Any CPU
		{B7D369B2-0B9A-41E9-9BAD-E2A1137CDF58}.Release|x86.Build.0 = Release|Any CPU
	EndGlobalSection
	GlobalSection(SolutionProperties) = preSolution
		HideSolutionNode = FALSE
	EndGlobalSection
	GlobalSection(NestedProjects) = preSolution
		{D188C059-5AE9-4EBE-9211-F4CA6DBD5AD0} = {DADDBB42-C875-4132-8A7E-9A0CB9F2B2F8}
		{3B4B1AA1-8ABB-4B9B-B6EC-0A8E7D1CEF34} = {DADDBB42-C875-4132-8A7E-9A0CB9F2B2F8}
	EndGlobalSection
	GlobalSection(ExtensibilityGlobals) = postSolution
		SolutionGuid = {460E7A2A-8E5D-4373-86CD-8A6AA4A08C34}
	EndGlobalSection
EndGlobal
